// !$*UTF8*$!
{
	archiveVersion = 1;
	classes = {
	};
	objectVersion = 46;
	objects = {

/* Begin PBXBuildFile section */
		_LinkFileRef_Changes_via_ChangesTests /* Changes.framework in Frameworks */ = {isa = PBXBuildFile; fileRef = "_____Product_Changes" /* Changes.framework */; };
		__src_cc_ref_Sources/Changes/Change.swift /* Change.swift in Sources */ = {isa = PBXBuildFile; fileRef = __PBXFileRef_Sources/Changes/Change.swift /* Change.swift */; };
		__src_cc_ref_Sources/Changes/Changes.swift /* Changes.swift in Sources */ = {isa = PBXBuildFile; fileRef = __PBXFileRef_Sources/Changes/Changes.swift /* Changes.swift */; };
		__src_cc_ref_Tests/ChangesTests/ChangesTests.swift /* ChangesTests.swift in Sources */ = {isa = PBXBuildFile; fileRef = __PBXFileRef_Tests/ChangesTests/ChangesTests.swift /* ChangesTests.swift */; };
/* End PBXBuildFile section */

/* Begin PBXContainerItemProxy section */
		DF8E953C1D8FBFCF00046019 /* PBXContainerItemProxy */ = {
			isa = PBXContainerItemProxy;
			containerPortal = __RootObject_ /* Project object */;
			proxyType = 1;
			remoteGlobalIDString = "______Target_Changes";
			remoteInfo = Changes;
		};
/* End PBXContainerItemProxy section */

/* Begin PBXFileReference section */
		DF8E953D1D8FC05000046019 /* Changes.playground */ = {isa = PBXFileReference; lastKnownFileType = file.playground; path = Changes.playground; sourceTree = "<group>"; };
		__PBXFileRef_Changes.xcodeproj/Configs/Project.xcconfig /* Changes.xcodeproj/Configs/Project.xcconfig */ = {isa = PBXFileReference; lastKnownFileType = text.xcconfig; path = Changes.xcodeproj/Configs/Project.xcconfig; sourceTree = "<group>"; };
		__PBXFileRef_Package.swift /* Package.swift */ = {isa = PBXFileReference; lastKnownFileType = sourcecode.swift; path = Package.swift; sourceTree = "<group>"; };
		__PBXFileRef_Sources/Changes/Change.swift /* Change.swift */ = {isa = PBXFileReference; lastKnownFileType = sourcecode.swift; path = Change.swift; sourceTree = "<group>"; };
		__PBXFileRef_Sources/Changes/Changes.swift /* Changes.swift */ = {isa = PBXFileReference; lastKnownFileType = sourcecode.swift; path = Changes.swift; sourceTree = "<group>"; };
		__PBXFileRef_Tests/ChangesTests/ChangesTests.swift /* ChangesTests.swift */ = {isa = PBXFileReference; lastKnownFileType = sourcecode.swift; path = ChangesTests.swift; sourceTree = "<group>"; };
		"_____Product_Changes" /* Changes.framework */ = {isa = PBXFileReference; explicitFileType = wrapper.framework; path = Changes.framework; sourceTree = BUILT_PRODUCTS_DIR; };
		"_____Product_ChangesTests" /* ChangesTests.xctest */ = {isa = PBXFileReference; explicitFileType = wrapper.cfbundle; path = ChangesTests.xctest; sourceTree = BUILT_PRODUCTS_DIR; };
/* End PBXFileReference section */

/* Begin PBXFrameworksBuildPhase section */
		"___LinkPhase_Changes" /* Frameworks */ = {
			isa = PBXFrameworksBuildPhase;
			buildActionMask = 0;
			files = (
			);
			runOnlyForDeploymentPostprocessing = 0;
		};
		"___LinkPhase_ChangesTests" /* Frameworks */ = {
			isa = PBXFrameworksBuildPhase;
			buildActionMask = 0;
			files = (
				_LinkFileRef_Changes_via_ChangesTests /* Changes.framework in Frameworks */,
			);
			runOnlyForDeploymentPostprocessing = 0;
		};
/* End PBXFrameworksBuildPhase section */

/* Begin PBXGroup section */
		TestProducts_ /* Tests */ = {
			isa = PBXGroup;
			children = (
				"_____Product_ChangesTests" /* ChangesTests.xctest */,
			);
			name = Tests;
			sourceTree = "<group>";
		};
		"___RootGroup_" = {
			isa = PBXGroup;
			children = (
				DF8E953D1D8FC05000046019 /* Changes.playground */,
				__PBXFileRef_Package.swift /* Package.swift */,
				"_____Configs_" /* Configs */,
				"_____Sources_" /* Sources */,
				"_______Tests_" /* Tests */,
				"____Products_" /* Products */,
			);
			sourceTree = "<group>";
		};
		"____Products_" /* Products */ = {
			isa = PBXGroup;
			children = (
				TestProducts_ /* Tests */,
				"_____Product_Changes" /* Changes.framework */,
			);
			name = Products;
			sourceTree = "<group>";
		};
		"_____Configs_" /* Configs */ = {
			isa = PBXGroup;
			children = (
				__PBXFileRef_Changes.xcodeproj/Configs/Project.xcconfig /* Changes.xcodeproj/Configs/Project.xcconfig */,
			);
			name = Configs;
			sourceTree = "<group>";
		};
		"_____Sources_" /* Sources */ = {
			isa = PBXGroup;
			children = (
				"_______Group_Changes" /* Changes */,
			);
			name = Sources;
			sourceTree = "<group>";
		};
		"_______Group_Changes" /* Changes */ = {
			isa = PBXGroup;
			children = (
				__PBXFileRef_Sources/Changes/Change.swift /* Change.swift */,
				__PBXFileRef_Sources/Changes/Changes.swift /* Changes.swift */,
			);
			name = Changes;
			path = Sources/Changes;
			sourceTree = "<group>";
		};
		"_______Group_ChangesTests" /* ChangesTests */ = {
			isa = PBXGroup;
			children = (
				__PBXFileRef_Tests/ChangesTests/ChangesTests.swift /* ChangesTests.swift */,
			);
			name = ChangesTests;
			path = Tests/ChangesTests;
			sourceTree = "<group>";
		};
		"_______Tests_" /* Tests */ = {
			isa = PBXGroup;
			children = (
				"_______Group_ChangesTests" /* ChangesTests */,
			);
			name = Tests;
			sourceTree = "<group>";
		};
/* End PBXGroup section */

/* Begin PBXNativeTarget section */
		"______Target_Changes" /* Changes */ = {
			isa = PBXNativeTarget;
			buildConfigurationList = "_______Confs_Changes" /* Build configuration list for PBXNativeTarget "Changes" */;
			buildPhases = (
				CompilePhase_Changes /* Sources */,
				"___LinkPhase_Changes" /* Frameworks */,
			);
			buildRules = (
			);
			dependencies = (
			);
			name = Changes;
			productName = Changes;
			productReference = "_____Product_Changes" /* Changes.framework */;
			productType = "com.apple.product-type.framework";
		};
		"______Target_ChangesTests" /* ChangesTests */ = {
			isa = PBXNativeTarget;
			buildConfigurationList = "_______Confs_ChangesTests" /* Build configuration list for PBXNativeTarget "ChangesTests" */;
			buildPhases = (
				CompilePhase_ChangesTests /* Sources */,
				"___LinkPhase_ChangesTests" /* Frameworks */,
			);
			buildRules = (
			);
			dependencies = (
				__Dependency_Changes /* PBXTargetDependency */,
			);
			name = ChangesTests;
			productName = ChangesTests;
			productReference = "_____Product_ChangesTests" /* ChangesTests.xctest */;
			productType = "com.apple.product-type.bundle.unit-test";
		};
/* End PBXNativeTarget section */

/* Begin PBXProject section */
		__RootObject_ /* Project object */ = {
			isa = PBXProject;
			attributes = {
				LastUpgradeCheck = 9999;
			};
			buildConfigurationList = "___RootConfs_" /* Build configuration list for PBXProject "Changes" */;
			compatibilityVersion = "Xcode 3.2";
			developmentRegion = English;
			hasScannedForEncodings = 0;
			knownRegions = (
				en,
			);
			mainGroup = "___RootGroup_";
			productRefGroup = "____Products_" /* Products */;
			projectDirPath = "";
			projectRoot = "";
			targets = (
				"______Target_Changes" /* Changes */,
				"______Target_ChangesTests" /* ChangesTests */,
			);
		};
/* End PBXProject section */

/* Begin PBXSourcesBuildPhase section */
		CompilePhase_Changes /* Sources */ = {
			isa = PBXSourcesBuildPhase;
			buildActionMask = 0;
			files = (
				__src_cc_ref_Sources/Changes/Change.swift /* Change.swift in Sources */,
				__src_cc_ref_Sources/Changes/Changes.swift /* Changes.swift in Sources */,
			);
			runOnlyForDeploymentPostprocessing = 0;
		};
		CompilePhase_ChangesTests /* Sources */ = {
			isa = PBXSourcesBuildPhase;
			buildActionMask = 0;
			files = (
				__src_cc_ref_Tests/ChangesTests/ChangesTests.swift /* ChangesTests.swift in Sources */,
			);
			runOnlyForDeploymentPostprocessing = 0;
		};
/* End PBXSourcesBuildPhase section */

/* Begin PBXTargetDependency section */
		__Dependency_Changes /* PBXTargetDependency */ = {
			isa = PBXTargetDependency;
			target = "______Target_Changes" /* Changes */;
			targetProxy = DF8E953C1D8FBFCF00046019 /* PBXContainerItemProxy */;
		};
/* End PBXTargetDependency section */

/* Begin XCBuildConfiguration section */
		_ReleaseConf_Changes /* Release */ = {
			isa = XCBuildConfiguration;
			buildSettings = {
				ENABLE_TESTABILITY = YES;
				FRAMEWORK_SEARCH_PATHS = "$(PLATFORM_DIR)/Developer/Library/Frameworks";
				INFOPLIST_FILE = Changes.xcodeproj/Changes_Info.plist;
				LD_RUNPATH_SEARCH_PATHS = "$(TOOLCHAIN_DIR)/usr/lib/swift/macosx";
				OTHER_LDFLAGS = "$(inherited)";
				OTHER_SWIFT_FLAGS = "$(inherited)";
				PRODUCT_BUNDLE_IDENTIFIER = Changes;
				PRODUCT_MODULE_NAME = "$(TARGET_NAME:c99extidentifier)";
				PRODUCT_NAME = "$(TARGET_NAME:c99extidentifier)";
				SWIFT_VERSION = 3.0;
			};
			name = Release;
		};
		_ReleaseConf_ChangesTests /* Release */ = {
			isa = XCBuildConfiguration;
			buildSettings = {
				EMBEDDED_CONTENT_CONTAINS_SWIFT = YES;
				FRAMEWORK_SEARCH_PATHS = "$(PLATFORM_DIR)/Developer/Library/Frameworks";
				INFOPLIST_FILE = Changes.xcodeproj/ChangesTests_Info.plist;
				LD_RUNPATH_SEARCH_PATHS = "@loader_path/../Frameworks @loader_path/Frameworks @executable_path/../Frameworks @exectuable_path/Frameworks";
				OTHER_LDFLAGS = "$(inherited)";
				OTHER_SWIFT_FLAGS = "$(inherited)";
				SWIFT_VERSION = 3.0;
			};
			name = Release;
		};
		"___DebugConf_Changes" /* Debug */ = {
			isa = XCBuildConfiguration;
			buildSettings = {
				ENABLE_TESTABILITY = YES;
				FRAMEWORK_SEARCH_PATHS = "$(PLATFORM_DIR)/Developer/Library/Frameworks";
				INFOPLIST_FILE = Changes.xcodeproj/Changes_Info.plist;
				LD_RUNPATH_SEARCH_PATHS = "$(TOOLCHAIN_DIR)/usr/lib/swift/macosx";
				OTHER_LDFLAGS = "$(inherited)";
				OTHER_SWIFT_FLAGS = "$(inherited)";
				PRODUCT_BUNDLE_IDENTIFIER = Changes;
				PRODUCT_MODULE_NAME = "$(TARGET_NAME:c99extidentifier)";
				PRODUCT_NAME = "$(TARGET_NAME:c99extidentifier)";
				SWIFT_OPTIMIZATION_LEVEL = "-Onone";
				SWIFT_VERSION = 3.0;
			};
			name = Debug;
		};
		"___DebugConf_ChangesTests" /* Debug */ = {
			isa = XCBuildConfiguration;
			buildSettings = {
				EMBEDDED_CONTENT_CONTAINS_SWIFT = YES;
				FRAMEWORK_SEARCH_PATHS = "$(PLATFORM_DIR)/Developer/Library/Frameworks";
				INFOPLIST_FILE = Changes.xcodeproj/ChangesTests_Info.plist;
				LD_RUNPATH_SEARCH_PATHS = "@loader_path/../Frameworks @loader_path/Frameworks @executable_path/../Frameworks @exectuable_path/Frameworks";
				OTHER_LDFLAGS = "$(inherited)";
				OTHER_SWIFT_FLAGS = "$(inherited)";
				SWIFT_OPTIMIZATION_LEVEL = "-Onone";
				SWIFT_VERSION = 3.0;
			};
			name = Debug;
		};
		"_____Release_" /* Release */ = {
			isa = XCBuildConfiguration;
			baseConfigurationReference = __PBXFileRef_Changes.xcodeproj/Configs/Project.xcconfig /* Changes.xcodeproj/Configs/Project.xcconfig */;
			buildSettings = {
			};
			name = Release;
		};
		"_______Debug_" /* Debug */ = {
			isa = XCBuildConfiguration;
			baseConfigurationReference = __PBXFileRef_Changes.xcodeproj/Configs/Project.xcconfig /* Changes.xcodeproj/Configs/Project.xcconfig */;
			buildSettings = {
			};
			name = Debug;
		};
/* End XCBuildConfiguration section */

/* Begin XCConfigurationList section */
		"___RootConfs_" /* Build configuration list for PBXProject "Changes" */ = {
			isa = XCConfigurationList;
			buildConfigurations = (
				"_______Debug_" /* Debug */,
				"_____Release_" /* Release */,
			);
			defaultConfigurationIsVisible = 0;
			defaultConfigurationName = Debug;
		};
		"_______Confs_Changes" /* Build configuration list for PBXNativeTarget "Changes" */ = {
			isa = XCConfigurationList;
			buildConfigurations = (
				"___DebugConf_Changes" /* Debug */,
				_ReleaseConf_Changes /* Release */,
			);
			defaultConfigurationIsVisible = 0;
			defaultConfigurationName = Debug;
		};
		"_______Confs_ChangesTests" /* Build configuration list for PBXNativeTarget "ChangesTests" */ = {
			isa = XCConfigurationList;
			buildConfigurations = (
				"___DebugConf_ChangesTests" /* Debug */,
				_ReleaseConf_ChangesTests /* Release */,
			);
			defaultConfigurationIsVisible = 0;
			defaultConfigurationName = Debug;
		};
/* End XCConfigurationList section */
	};
	rootObject = __RootObject_ /* Project object */;
}
